
Microsoft Visual Studio Solution File, Format Version 12.00
# Visual Studio Version 17
VisualStudioVersion = 17.0.32112.339
MinimumVisualStudioVersion = 10.0.40219.1
Project("{9A19103F-16F7-4668-BE54-9A1E7A4F7556}") = "Labb3API.Model", "Labb2API.Model\Labb3API.Model.csproj", "{06033AB2-E2A1-410A-AFEE-224E612AB87E}"
EndProject
Project("{FAE04EC0-301F-11D3-BF4B-00C04F79EFBC}") = "Labb3API.API", "Labb3API.API\Labb3API.API.csproj", "{30C11229-7808-471E-811A-B633B929B7EF}"
EndProject
Global
	GlobalSection(SolutionConfigurationPlatforms) = preSolution
		Debug|Any CPU = Debug|Any CPU
		Release|Any CPU = Release|Any CPU
	EndGlobalSection
	GlobalSection(ProjectConfigurationPlatforms) = postSolution
		{06033AB2-E2A1-410A-AFEE-224E612AB87E}.Debug|Any CPU.ActiveCfg = Debug|Any CPU
		{06033AB2-E2A1-410A-AFEE-224E612AB87E}.Debug|Any CPU.Build.0 = Debug|Any CPU
		{06033AB2-E2A1-410A-AFEE-224E612AB87E}.Release|Any CPU.ActiveCfg = Release|Any CPU
		{06033AB2-E2A1-410A-AFEE-224E612AB87E}.Release|Any CPU.Build.0 = Release|Any CPU
		{30C11229-7808-471E-811A-B633B929B7EF}.Debug|Any CPU.ActiveCfg = Debug|Any CPU
		{30C11229-7808-471E-811A-B633B929B7EF}.Debug|Any CPU.Build.0 = Debug|Any CPU
		{30C11229-7808-471E-811A-B633B929B7EF}.Release|Any CPU.ActiveCfg = Release|Any CPU
		{30C11229-7808-471E-811A-B633B929B7EF}.Release|Any CPU.Build.0 = Release|Any CPU
	EndGlobalSection
	GlobalSection(SolutionProperties) = preSolution
		HideSolutionNode = FALSE
	EndGlobalSection
	GlobalSection(ExtensibilityGlobals) = postSolution
		SolutionGuid = {B01114CF-297B-4AF6-8EB5-00AFCDFAE89E}
	EndGlobalSection
EndGlobal
